// !$*UTF8*$!
{
	archiveVersion = 1;
	classes = {
	};
	objectVersion = 77;
	objects = {

/* Begin PBXBuildFile section */
		45BD4DA02D985D9100C88AA8 /* Assets.xcassets in Resources */ = {isa = PBXBuildFile; fileRef = 45BD4D9F2D985D9100C88AA8 /* Assets.xcassets */; };
		45BD4DC12D9865DE00C88AA8 /* AAPLShaders.metal in Sources */ = {isa = PBXBuildFile; fileRef = 45BD4DBE2D9865DE00C88AA8 /* AAPLShaders.metal */; };
		45BD4DC42D9872B000C88AA8 /* AAPLMathUtilities.m in Sources */ = {isa = PBXBuildFile; fileRef = 45BD4DC32D9872AE00C88AA8 /* AAPLMathUtilities.m */; };
		45BD4DC62D98751A00C88AA8 /* AAPLMesh.m in Sources */ = {isa = PBXBuildFile; fileRef = 45BD4DC52D98751000C88AA8 /* AAPLMesh.m */; };
		45BD4DC92D98768600C88AA8 /* AAPLModelInstance.m in Sources */ = {isa = PBXBuildFile; fileRef = 45BD4DC82D98768400C88AA8 /* AAPLModelInstance.m */; };
		45BD4DD52D99B43800C88AA8 /* kloppenheim_06_4k.hdr in Resources */ = {isa = PBXBuildFile; fileRef = 45BD4DD42D99B43800C88AA8 /* kloppenheim_06_4k.hdr */; };
		45BD4DD62D99B77200C88AA8 /* AAPLRenderer.m in Sources */ = {isa = PBXBuildFile; fileRef = 45BD4DCB2D9877B900C88AA8 /* AAPLRenderer.m */; };
		45BD4DDD2D99B97A00C88AA8 /* Models in Resources */ = {isa = PBXBuildFile; fileRef = 45BD4DDC2D99B97A00C88AA8 /* Models */; };
/* End PBXBuildFile section */

/* Begin PBXFileReference section */
		45BD4D962D985D8F00C88AA8 /* CustomRaytracerNew.app */ = {isa = PBXFileReference; explicitFileType = wrapper.application; includeInIndex = 0; path = CustomRaytracerNew.app; sourceTree = BUILT_PRODUCTS_DIR; };
		45BD4D9F2D985D9100C88AA8 /* Assets.xcassets */ = {isa = PBXFileReference; lastKnownFileType = folder.assetcatalog; path = Assets.xcassets; sourceTree = "<group>"; };
		45BD4DBC2D9865DE00C88AA8 /* AAPLArgumentBufferTypes.h */ = {isa = PBXFileReference; lastKnownFileType = sourcecode.c.h; path = AAPLArgumentBufferTypes.h; sourceTree = "<group>"; };
		45BD4DBD2D9865DE00C88AA8 /* AAPLMesh.h */ = {isa = PBXFileReference; lastKnownFileType = sourcecode.c.h; path = AAPLMesh.h; sourceTree = "<group>"; };
		45BD4DBE2D9865DE00C88AA8 /* AAPLShaders.metal */ = {isa = PBXFileReference; lastKnownFileType = sourcecode.metal; path = AAPLShaders.metal; sourceTree = "<group>"; };
		45BD4DBF2D9865DE00C88AA8 /* AAPLShaderTypes.h */ = {isa = PBXFileReference; lastKnownFileType = sourcecode.c.h; path = AAPLShaderTypes.h; sourceTree = "<group>"; };
		45BD4DC22D98729D00C88AA8 /* AAPLMathUtilities.h */ = {isa = PBXFileReference; lastKnownFileType = sourcecode.c.h; path = AAPLMathUtilities.h; sourceTree = "<group>"; };
		45BD4DC32D9872AE00C88AA8 /* AAPLMathUtilities.m */ = {isa = PBXFileReference; lastKnownFileType = sourcecode.c.objc; path = AAPLMathUtilities.m; sourceTree = "<group>"; };
		45BD4DC52D98751000C88AA8 /* AAPLMesh.m */ = {isa = PBXFileReference; lastKnownFileType = sourcecode.c.objc; path = AAPLMesh.m; sourceTree = "<group>"; };
		45BD4DC72D98767300C88AA8 /* AAPLModelInstance.h */ = {isa = PBXFileReference; lastKnownFileType = sourcecode.c.h; path = AAPLModelInstance.h; sourceTree = "<group>"; };
		45BD4DC82D98768400C88AA8 /* AAPLModelInstance.m */ = {isa = PBXFileReference; lastKnownFileType = sourcecode.c.objc; path = AAPLModelInstance.m; sourceTree = "<group>"; };
		45BD4DCA2D98779B00C88AA8 /* AAPLRenderer.h */ = {isa = PBXFileReference; lastKnownFileType = sourcecode.c.h; path = AAPLRenderer.h; sourceTree = "<group>"; };
		45BD4DCB2D9877B900C88AA8 /* AAPLRenderer.m */ = {isa = PBXFileReference; lastKnownFileType = sourcecode.c.objc; path = AAPLRenderer.m; sourceTree = "<group>"; };
		45BD4DD42D99B43800C88AA8 /* kloppenheim_06_4k.hdr */ = {isa = PBXFileReference; lastKnownFileType = file; path = kloppenheim_06_4k.hdr; sourceTree = "<group>"; };
		45BD4DDC2D99B97A00C88AA8 /* Models */ = {isa = PBXFileReference; lastKnownFileType = folder; path = Models; sourceTree = "<group>"; };
/* End PBXFileReference section */

/* Begin PBXFileSystemSynchronizedBuildFileExceptionSet section */
		45BD4DD72D99B7E400C88AA8 /* Exceptions for "CustomRaytracerNew" folder in "CustomRaytracerNew" target */ = {
			isa = PBXFileSystemSynchronizedBuildFileExceptionSet;
			membershipExceptions = (
				Info.plist,
			);
			target = 45BD4D952D985D8F00C88AA8 /* CustomRaytracerNew */;
		};
/* End PBXFileSystemSynchronizedBuildFileExceptionSet section */

/* Begin PBXFileSystemSynchronizedRootGroup section */
		45BD4D982D985D8F00C88AA8 /* CustomRaytracerNew */ = {
			isa = PBXFileSystemSynchronizedRootGroup;
			exceptions = (
				45BD4DD72D99B7E400C88AA8 /* Exceptions for "CustomRaytracerNew" folder in "CustomRaytracerNew" target */,
			);
			path = CustomRaytracerNew;
			sourceTree = "<group>";
		};
/* End PBXFileSystemSynchronizedRootGroup section */

/* Begin PBXFrameworksBuildPhase section */
		45BD4D932D985D8F00C88AA8 /* Frameworks */ = {
			isa = PBXFrameworksBuildPhase;
			buildActionMask = 2147483647;
			files = (
			);
			runOnlyForDeploymentPostprocessing = 0;
		};
/* End PBXFrameworksBuildPhase section */

/* Begin PBXGroup section */
		45BD4D8D2D985D8F00C88AA8 = {
			isa = PBXGroup;
			children = (
				45BD4D982D985D8F00C88AA8 /* CustomRaytracerNew */,
				45BD4DC02D9865DE00C88AA8 /* Renderer */,
				45BD4D972D985D8F00C88AA8 /* Products */,
			);
			sourceTree = "<group>";
		};
		45BD4D972D985D8F00C88AA8 /* Products */ = {
			isa = PBXGroup;
			children = (
				45BD4D962D985D8F00C88AA8 /* CustomRaytracerNew.app */,
			);
			name = Products;
			sourceTree = "<group>";
		};
		45BD4DC02D9865DE00C88AA8 /* Renderer */ = {
			isa = PBXGroup;
			children = (
				45BD4D9F2D985D9100C88AA8 /* Assets.xcassets */,
				45BD4DC72D98767300C88AA8 /* AAPLModelInstance.h */,
				45BD4DC82D98768400C88AA8 /* AAPLModelInstance.m */,
				45BD4DC22D98729D00C88AA8 /* AAPLMathUtilities.h */,
				45BD4DC32D9872AE00C88AA8 /* AAPLMathUtilities.m */,
				45BD4DBD2D9865DE00C88AA8 /* AAPLMesh.h */,
				45BD4DC52D98751000C88AA8 /* AAPLMesh.m */,
				45BD4DCA2D98779B00C88AA8 /* AAPLRenderer.h */,
				45BD4DCB2D9877B900C88AA8 /* AAPLRenderer.m */,
				45BD4DBE2D9865DE00C88AA8 /* AAPLShaders.metal */,
				45BD4DBF2D9865DE00C88AA8 /* AAPLShaderTypes.h */,
				45BD4DBC2D9865DE00C88AA8 /* AAPLArgumentBufferTypes.h */,
				45BD4DDC2D99B97A00C88AA8 /* Models */,
				45BD4DD42D99B43800C88AA8 /* kloppenheim_06_4k.hdr */,
			);
			path = Renderer;
			sourceTree = "<group>";
		};
/* End PBXGroup section */

/* Begin PBXNativeTarget section */
		45BD4D952D985D8F00C88AA8 /* CustomRaytracerNew */ = {
			isa = PBXNativeTarget;
			buildConfigurationList = 45BD4DA92D985D9100C88AA8 /* Build configuration list for PBXNativeTarget "CustomRaytracerNew" */;
			buildPhases = (
				45BD4D922D985D8F00C88AA8 /* Sources */,
				45BD4D932D985D8F00C88AA8 /* Frameworks */,
				45BD4D942D985D8F00C88AA8 /* Resources */,
			);
			buildRules = (
			);
			dependencies = (
			);
			fileSystemSynchronizedGroups = (
				45BD4D982D985D8F00C88AA8 /* CustomRaytracerNew */,
			);
			name = CustomRaytracerNew;
			packageProductDependencies = (
			);
			productName = CustomRaytracerNew;
			productReference = 45BD4D962D985D8F00C88AA8 /* CustomRaytracerNew.app */;
			productType = "com.apple.product-type.application";
		};
/* End PBXNativeTarget section */

/* Begin PBXProject section */
		45BD4D8E2D985D8F00C88AA8 /* Project object */ = {
			isa = PBXProject;
			attributes = {
				BuildIndependentTargetsInParallel = 1;
				LastUpgradeCheck = 1630;
				TargetAttributes = {
					45BD4D952D985D8F00C88AA8 = {
						CreatedOnToolsVersion = 16.2;
						LastSwiftMigration = 1620;
					};
				};
			};
			buildConfigurationList = 45BD4D912D985D8F00C88AA8 /* Build configuration list for PBXProject "CustomRaytracerNew" */;
			developmentRegion = en;
			hasScannedForEncodings = 0;
			knownRegions = (
				en,
				Base,
			);
			mainGroup = 45BD4D8D2D985D8F00C88AA8;
			minimizedProjectReferenceProxies = 1;
			preferredProjectObjectVersion = 77;
			productRefGroup = 45BD4D972D985D8F00C88AA8 /* Products */;
			projectDirPath = "";
			projectRoot = "";
			targets = (
				45BD4D952D985D8F00C88AA8 /* CustomRaytracerNew */,
			);
		};
/* End PBXProject section */

/* Begin PBXResourcesBuildPhase section */
		45BD4D942D985D8F00C88AA8 /* Resources */ = {
			isa = PBXResourcesBuildPhase;
			buildActionMask = 2147483647;
			files = (
				45BD4DD52D99B43800C88AA8 /* kloppenheim_06_4k.hdr in Resources */,
				45BD4DA02D985D9100C88AA8 /* Assets.xcassets in Resources */,
				45BD4DDD2D99B97A00C88AA8 /* Models in Resources */,
			);
			runOnlyForDeploymentPostprocessing = 0;
		};
/* End PBXResourcesBuildPhase section */

/* Begin PBXSourcesBuildPhase section */
		45BD4D922D985D8F00C88AA8 /* Sources */ = {
			isa = PBXSourcesBuildPhase;
			buildActionMask = 2147483647;
			files = (
				45BD4DD62D99B77200C88AA8 /* AAPLRenderer.m in Sources */,
				45BD4DC42D9872B000C88AA8 /* AAPLMathUtilities.m in Sources */,
				45BD4DC62D98751A00C88AA8 /* AAPLMesh.m in Sources */,
				45BD4DC92D98768600C88AA8 /* AAPLModelInstance.m in Sources */,
				45BD4DC12D9865DE00C88AA8 /* AAPLShaders.metal in Sources */,
			);
			runOnlyForDeploymentPostprocessing = 0;
		};
/* End PBXSourcesBuildPhase section */

/* Begin XCBuildConfiguration section */
		45BD4DA72D985D9100C88AA8 /* Debug */ = {
			isa = XCBuildConfiguration;
			buildSettings = {
				ALWAYS_SEARCH_USER_PATHS = NO;
				ASSETCATALOG_COMPILER_GENERATE_SWIFT_ASSET_SYMBOL_EXTENSIONS = YES;
				CLANG_ANALYZER_NONNULL = YES;
				CLANG_ANALYZER_NUMBER_OBJECT_CONVERSION = YES_AGGRESSIVE;
				CLANG_CXX_LANGUAGE_STANDARD = "gnu++14";
				CLANG_ENABLE_MODULES = YES;
				CLANG_ENABLE_OBJC_ARC = YES;
				CLANG_ENABLE_OBJC_WEAK = YES;
				CLANG_WARN_BLOCK_CAPTURE_AUTORELEASING = YES;
				CLANG_WARN_BOOL_CONVERSION = YES;
				CLANG_WARN_COMMA = YES;
				CLANG_WARN_CONSTANT_CONVERSION = YES;
				CLANG_WARN_DEPRECATED_OBJC_IMPLEMENTATIONS = YES;
				CLANG_WARN_DIRECT_OBJC_ISA_USAGE = YES_ERROR;
				CLANG_WARN_DOCUMENTATION_COMMENTS = YES;
				CLANG_WARN_EMPTY_BODY = YES;
				CLANG_WARN_ENUM_CONVERSION = YES;
				CLANG_WARN_INFINITE_RECURSION = YES;
				CLANG_WARN_INT_CONVERSION = YES;
				CLANG_WARN_NON_LITERAL_NULL_CONVERSION = YES;
				CLANG_WARN_OBJC_IMPLICIT_RETAIN_SELF = YES;
				CLANG_WARN_OBJC_LITERAL_CONVERSION = YES;
				CLANG_WARN_OBJC_ROOT_CLASS = YES_ERROR;
				CLANG_WARN_QUOTED_INCLUDE_IN_FRAMEWORK_HEADER = YES;
				CLANG_WARN_RANGE_LOOP_ANALYSIS = YES;
				CLANG_WARN_STRICT_PROTOTYPES = YES;
				CLANG_WARN_SUSPICIOUS_MOVE = YES;
				CLANG_WARN_UNGUARDED_AVAILABILITY = YES_AGGRESSIVE;
				CLANG_WARN_UNREACHABLE_CODE = YES;
				CLANG_WARN__DUPLICATE_METHOD_MATCH = YES;
				COPY_PHASE_STRIP = NO;
				DEAD_CODE_STRIPPING = YES;
				DEBUG_INFORMATION_FORMAT = dwarf;
				DEVELOPMENT_TEAM = 2AAR9JFLKQ;
				ENABLE_STRICT_OBJC_MSGSEND = YES;
				ENABLE_TESTABILITY = YES;
				ENABLE_USER_SCRIPT_SANDBOXING = YES;
				GCC_C_LANGUAGE_STANDARD = gnu11;
				GCC_DYNAMIC_NO_PIC = NO;
				GCC_NO_COMMON_BLOCKS = YES;
				GCC_OPTIMIZATION_LEVEL = 0;
				GCC_PREPROCESSOR_DEFINITIONS = (
					"DEBUG=1",
					"$(inherited)",
				);
				GCC_WARN_64_TO_32_BIT_CONVERSION = YES;
				GCC_WARN_ABOUT_RETURN_TYPE = YES_ERROR;
				GCC_WARN_UNDECLARED_SELECTOR = YES;
				GCC_WARN_UNINITIALIZED_AUTOS = YES_AGGRESSIVE;
				GCC_WARN_UNUSED_FUNCTION = YES;
				GCC_WARN_UNUSED_VARIABLE = YES;
				LOCALIZATION_PREFERS_STRING_CATALOGS = YES;
				MACOSX_DEPLOYMENT_TARGET = "macOS 13.0";
				MTL_ENABLE_DEBUG_INFO = INCLUDE_SOURCE;
				MTL_FAST_MATH = YES;
				ONLY_ACTIVE_ARCH = YES;
				SDKROOT = macosx;
			};
			name = Debug;
		};
		45BD4DA82D985D9100C88AA8 /* Release */ = {
			isa = XCBuildConfiguration;
			buildSettings = {
				ALWAYS_SEARCH_USER_PATHS = NO;
				ASSETCATALOG_COMPILER_GENERATE_SWIFT_ASSET_SYMBOL_EXTENSIONS = YES;
				CLANG_ANALYZER_NONNULL = YES;
				CLANG_ANALYZER_NUMBER_OBJECT_CONVERSION = YES_AGGRESSIVE;
				CLANG_CXX_LANGUAGE_STANDARD = "gnu++14";
				CLANG_ENABLE_MODULES = YES;
				CLANG_ENABLE_OBJC_ARC = YES;
				CLANG_ENABLE_OBJC_WEAK = YES;
				CLANG_WARN_BLOCK_CAPTURE_AUTORELEASING = YES;
				CLANG_WARN_BOOL_CONVERSION = YES;
				CLANG_WARN_COMMA = YES;
				CLANG_WARN_CONSTANT_CONVERSION = YES;
				CLANG_WARN_DEPRECATED_OBJC_IMPLEMENTATIONS = YES;
				CLANG_WARN_DIRECT_OBJC_ISA_USAGE = YES_ERROR;
				CLANG_WARN_DOCUMENTATION_COMMENTS = YES;
				CLANG_WARN_EMPTY_BODY = YES;
				CLANG_WARN_ENUM_CONVERSION = YES;
				CLANG_WARN_INFINITE_RECURSION = YES;
				CLANG_WARN_INT_CONVERSION = YES;
				CLANG_WARN_NON_LITERAL_NULL_CONVERSION = YES;
				CLANG_WARN_OBJC_IMPLICIT_RETAIN_SELF = YES;
				CLANG_WARN_OBJC_LITERAL_CONVERSION = YES;
				CLANG_WARN_OBJC_ROOT_CLASS = YES_ERROR;
				CLANG_WARN_QUOTED_INCLUDE_IN_FRAMEWORK_HEADER = YES;
				CLANG_WARN_RANGE_LOOP_ANALYSIS = YES;
				CLANG_WARN_STRICT_PROTOTYPES = YES;
				CLANG_WARN_SUSPICIOUS_MOVE = YES;
				CLANG_WARN_UNGUARDED_AVAILABILITY = YES_AGGRESSIVE;
				CLANG_WARN_UNREACHABLE_CODE = YES;
				CLANG_WARN__DUPLICATE_METHOD_MATCH = YES;
				COPY_PHASE_STRIP = NO;
				DEAD_CODE_STRIPPING = YES;
				DEBUG_INFORMATION_FORMAT = "dwarf-with-dsym";
				DEVELOPMENT_TEAM = 2AAR9JFLKQ;
				ENABLE_NS_ASSERTIONS = NO;
				ENABLE_STRICT_OBJC_MSGSEND = YES;
				ENABLE_USER_SCRIPT_SANDBOXING = YES;
				GCC_C_LANGUAGE_STANDARD = gnu11;
				GCC_NO_COMMON_BLOCKS = YES;
				GCC_WARN_64_TO_32_BIT_CONVERSION = YES;
				GCC_WARN_ABOUT_RETURN_TYPE = YES_ERROR;
				GCC_WARN_UNDECLARED_SELECTOR = YES;
				GCC_WARN_UNINITIALIZED_AUTOS = YES_AGGRESSIVE;
				GCC_WARN_UNUSED_FUNCTION = YES;
				GCC_WARN_UNUSED_VARIABLE = YES;
				LOCALIZATION_PREFERS_STRING_CATALOGS = YES;
				MACOSX_DEPLOYMENT_TARGET = "macOS 13.0";
				MTL_ENABLE_DEBUG_INFO = NO;
				MTL_FAST_MATH = YES;
				SDKROOT = macosx;
			};
			name = Release;
		};
		45BD4DAA2D985D9100C88AA8 /* Debug */ = {
			isa = XCBuildConfiguration;
			buildSettings = {
				ASSETCATALOG_COMPILER_APPICON_NAME = AppIcon;
				ASSETCATALOG_COMPILER_GLOBAL_ACCENT_COLOR_NAME = "";
				CLANG_CXX_LIBRARY = "libc++";
				CLANG_ENABLE_MODULES = YES;
				CODE_SIGN_ENTITLEMENTS = CustomRaytracerNew/CustomRaytracerNew.entitlements;
				CODE_SIGN_STYLE = Automatic;
				COMBINE_HIDPI_IMAGES = YES;
				CURRENT_PROJECT_VERSION = 1;
				DEAD_CODE_STRIPPING = YES;
				ENABLE_HARDENED_RUNTIME = YES;
				GCC_PREPROCESSOR_DEFINITIONS = (
					"TARGET_MACOS=1",
					"DEBUG=1",
				);
				GENERATE_INFOPLIST_FILE = NO;
				INFOPLIST_FILE = CustomRaytracerNew/Info.plist;
				INFOPLIST_KEY_NSHumanReadableCopyright = "";
				INFOPLIST_KEY_NSMainStoryboardFile = Main;
				INFOPLIST_KEY_NSPrincipalClass = NSApplication;
				LD_RUNPATH_SEARCH_PATHS = (
					"$(inherited)",
					"@executable_path/../Frameworks",
				);
				MACOSX_DEPLOYMENT_TARGET = 13.5;
				MARKETING_VERSION = 1.0;
				PRODUCT_BUNDLE_IDENTIFIER = me.mycompany.CustomRaytracerNew;
				PRODUCT_NAME = "$(TARGET_NAME)";
				SWIFT_EMIT_LOC_STRINGS = YES;
			};
			name = Debug;
		};
		45BD4DAB2D985D9100C88AA8 /* Release */ = {
			isa = XCBuildConfiguration;
			buildSettings = {
				ASSETCATALOG_COMPILER_APPICON_NAME = AppIcon;
				ASSETCATALOG_COMPILER_GLOBAL_ACCENT_COLOR_NAME = "";
				CLANG_CXX_LIBRARY = "libc++";
				CLANG_ENABLE_MODULES = YES;
				CODE_SIGN_ENTITLEMENTS = CustomRaytracerNew/CustomRaytracerNew.entitlements;
				CODE_SIGN_STYLE = Automatic;
				COMBINE_HIDPI_IMAGES = YES;
				CURRENT_PROJECT_VERSION = 1;
				DEAD_CODE_STRIPPING = YES;
				ENABLE_HARDENED_RUNTIME = YES;
				GCC_PREPROCESSOR_DEFINITIONS = "TARGET_MACOS=1";
				GENERATE_INFOPLIST_FILE = NO;
				INFOPLIST_FILE = CustomRaytracerNew/Info.plist;
				INFOPLIST_KEY_NSHumanReadableCopyright = "";
				INFOPLIST_KEY_NSMainStoryboardFile = Main;
				INFOPLIST_KEY_NSPrincipalClass = NSApplication;
				LD_RUNPATH_SEARCH_PATHS = (
					"$(inherited)",
					"@executable_path/../Frameworks",
				);
				MACOSX_DEPLOYMENT_TARGET = 13.5;
				MARKETING_VERSION = 1.0;
				PRODUCT_BUNDLE_IDENTIFIER = me.mycompany.CustomRaytracerNew;
				PRODUCT_NAME = "$(TARGET_NAME)";
				SWIFT_EMIT_LOC_STRINGS = YES;
			};
			name = Release;
		};
/* End XCBuildConfiguration section */

/* Begin XCConfigurationList section */
		45BD4D912D985D8F00C88AA8 /* Build configuration list for PBXProject "CustomRaytracerNew" */ = {
			isa = XCConfigurationList;
			buildConfigurations = (
				45BD4DA72D985D9100C88AA8 /* Debug */,
				45BD4DA82D985D9100C88AA8 /* Release */,
			);
			defaultConfigurationIsVisible = 0;
			defaultConfigurationName = Release;
		};
		45BD4DA92D985D9100C88AA8 /* Build configuration list for PBXNativeTarget "CustomRaytracerNew" */ = {
			isa = XCConfigurationList;
			buildConfigurations = (
				45BD4DAA2D985D9100C88AA8 /* Debug */,
				45BD4DAB2D985D9100C88AA8 /* Release */,
			);
			defaultConfigurationIsVisible = 0;
			defaultConfigurationName = Release;
		};
/* End XCConfigurationList section */
	};
	rootObject = 45BD4D8E2D985D8F00C88AA8 /* Project object */;
}
